
Microsoft Visual Studio Solution File, Format Version 12.00
# Visual Studio 15
VisualStudioVersion = 15.0.27130.2024
MinimumVisualStudioVersion = 10.0.40219.1
Project("{8BC9CEB8-8B4A-11D0-8D11-00A0C91BC942}") = "ModernC++", "ModernC++\ModernC++.vcxproj", "{B3077BA5-D449-4927-AC90-C4F2DC380DE6}"
EndProject
Global
	GlobalSection(SolutionConfigurationPlatforms) = preSolution
		Debug|x86 = Debug|x86
		Release|x86 = Release|x86
	EndGlobalSection
	GlobalSection(ProjectConfigurationPlatforms) = postSolution
		{B3077BA5-D449-4927-AC90-C4F2DC380DE6}.Debug|x86.ActiveCfg = Debug|Win32
		{B3077BA5-D449-4927-AC90-C4F2DC380DE6}.Debug|x86.Build.0 = Debug|Win32
		{B3077BA5-D449-4927-AC90-C4F2DC380DE6}.Release|x86.ActiveCfg = Release|Win32
		{B3077BA5-D449-4927-AC90-C4F2DC380DE6}.Release|x86.Build.0 = Release|Win32
	EndGlobalSection
	GlobalSection(SolutionProperties) = preSolution
		HideSolutionNode = FALSE
	EndGlobalSection
	GlobalSection(ExtensibilityGlobals) = postSolution
		SolutionGuid = {F4DC1652-876E-4CCA-A543-CC8A6A501F2A}
	EndGlobalSection
EndGlobal
